version = 1
revision = 3
requires-python = ">=3.11"
resolution-markers = [
    "python_full_version >= '3.13'",
    "python_full_version < '3.13'",
]

[[package]]
name = "annotated-types"
version = "0.7.0"
source = { registry = "https://pypi.org/simple" }
sdist = { url = "https://files.pythonhosted.org/packages/ee/67/531ea369ba64dcff5ec9c3402f9f51bf748cec26dde048a2f973a4eea7f5/annotated_types-0.7.0.tar.gz", hash = "sha256:aff07c09a53a08bc8cfccb9c85b05f1aa9a2a6f23728d790723543408344ce89", size = 16081, upload-time = "2024-05-20T21:33:25.928Z" }
wheels = [
    { url = "https://files.pythonhosted.org/packages/78/b6/6307fbef88d9b5ee7421e68d78a9f162e0da4900bc5f5793f6d3d0e34fb8/annotated_types-0.7.0-py3-none-any.whl", hash = "sha256:1f02e8b43a8fbbc3f3e0d4f0f4bfc8131bcb4eebe8849b8e5c773f3a1c582a53", size = 13643, upload-time = "2024-05-20T21:33:24.1Z" },
]

[[package]]
name = "anyio"
version = "4.11.0"
source = { registry = "https://pypi.org/simple" }
dependencies = [
    { name = "idna" },
    { name = "sniffio" },
    { name = "typing-extensions", marker = "python_full_version < '3.13'" },
]
sdist = { url = "https://files.pythonhosted.org/packages/c6/78/7d432127c41b50bccba979505f272c16cbcadcc33645d5fa3a738110ae75/anyio-4.11.0.tar.gz", hash = "sha256:82a8d0b81e318cc5ce71a5f1f8b5c4e63619620b63141ef8c995fa0db95a57c4", size = 219094, upload-time = "2025-09-23T09:19:12.58Z" }
wheels = [
    { url = "https://files.pythonhosted.org/packages/15/b3/9b1a8074496371342ec1e796a96f99c82c945a339cd81a8e73de28b4cf9e/anyio-4.11.0-py3-none-any.whl", hash = "sha256:0287e96f4d26d4149305414d4e3bc32f0dcd0862365a4bddea19d7a1ec38c4fc", size = 109097, upload-time = "2025-09-23T09:19:10.601Z" },
]

[[package]]
name = "bson"
version = "0.5.10"
source = { registry = "https://pypi.org/simple" }
dependencies = [
    { name = "python-dateutil" },
    { name = "six" },
]
sdist = { url = "https://files.pythonhosted.org/packages/4d/53/7c534a38850f2252275d7f949aed2219095e90df1e2d180a9c8ed139e499/bson-0.5.10.tar.gz", hash = "sha256:d6511b2ab051139a9123c184de1a04227262173ad593429d21e443d6462d6590", size = 10363, upload-time = "2020-05-26T11:13:47.979Z" }

[[package]]
name = "bson-py"
version = "1.0.0"
source = { registry = "https://pypi.org/simple" }
sdist = { url = "https://files.pythonhosted.org/packages/12/ce/602d94080de072321deb10b71584377fba62f80514d0ba795e2b89ec3b8b/bson-py-1.0.0.tar.gz", hash = "sha256:22650afd2b1b29558b88284b71368dcd29297fdd61bb9fdc99375ed939a631db", size = 117572, upload-time = "2023-10-13T13:14:06.898Z" }

[[package]]
name = "click"
version = "8.3.0"
source = { registry = "https://pypi.org/simple" }
dependencies = [
    { name = "colorama", marker = "sys_platform == 'win32'" },
]
sdist = { url = "https://files.pythonhosted.org/packages/46/61/de6cd827efad202d7057d93e0fed9294b96952e188f7384832791c7b2254/click-8.3.0.tar.gz", hash = "sha256:e7b8232224eba16f4ebe410c25ced9f7875cb5f3263ffc93cc3e8da705e229c4", size = 276943, upload-time = "2025-09-18T17:32:23.696Z" }
wheels = [
    { url = "https://files.pythonhosted.org/packages/db/d3/9dcc0f5797f070ec8edf30fbadfb200e71d9db6b84d211e3b2085a7589a0/click-8.3.0-py3-none-any.whl", hash = "sha256:9b9f285302c6e3064f4330c05f05b81945b2a39544279343e6e7c5f27a9baddc", size = 107295, upload-time = "2025-09-18T17:32:22.42Z" },
]

[[package]]
name = "colorama"
version = "0.4.6"
source = { registry = "https://pypi.org/simple" }
sdist = { url = "https://files.pythonhosted.org/packages/d8/53/6f443c9a4a8358a93a6792e2acffb9d9d5cb0a5cfd8802644b7b1c9a02e4/colorama-0.4.6.tar.gz", hash = "sha256:08695f5cb7ed6e0531a20572697297273c47b8cae5a63ffc6d6ed5c201be6e44", size = 27697, upload-time = "2022-10-25T02:36:22.414Z" }
wheels = [
    { url = "https://files.pythonhosted.org/packages/d1/d6/3965ed04c63042e047cb6a3e6ed1a63a35087b6a609aa3a15ed8ac56c221/colorama-0.4.6-py2.py3-none-any.whl", hash = "sha256:4f1d9991f5acc0ca119f9d443620b77f9d6b33703e51011c16baf57afb285fc6", size = 25335, upload-time = "2022-10-25T02:36:20.889Z" },
]

[[package]]
name = "dnspython"
version = "2.8.0"
source = { registry = "https://pypi.org/simple" }
sdist = { url = "https://files.pythonhosted.org/packages/8c/8b/57666417c0f90f08bcafa776861060426765fdb422eb10212086fb811d26/dnspython-2.8.0.tar.gz", hash = "sha256:181d3c6996452cb1189c4046c61599b84a5a86e099562ffde77d26984ff26d0f", size = 368251, upload-time = "2025-09-07T18:58:00.022Z" }
wheels = [
    { url = "https://files.pythonhosted.org/packages/ba/5a/18ad964b0086c6e62e2e7500f7edc89e3faa45033c71c1893d34eed2b2de/dnspython-2.8.0-py3-none-any.whl", hash = "sha256:01d9bbc4a2d76bf0db7c1f729812ded6d912bd318d3b1cf81d30c0f845dbf3af", size = 331094, upload-time = "2025-09-07T18:57:58.071Z" },
]

[[package]]
name = "fastapi"
version = "0.112.0"
source = { registry = "https://pypi.org/simple" }
dependencies = [
    { name = "pydantic" },
    { name = "starlette" },
    { name = "typing-extensions" },
]
sdist = { url = "https://files.pythonhosted.org/packages/0a/50/c535521c0cdb8b78da923bfffca7eb38429828de1770bbd8820b55f3779f/fastapi-0.112.0.tar.gz", hash = "sha256:d262bc56b7d101d1f4e8fc0ad2ac75bb9935fec504d2b7117686cec50710cf05", size = 289904, upload-time = "2024-08-02T06:14:02.28Z" }
wheels = [
    { url = "https://files.pythonhosted.org/packages/26/34/d0dca5f1fc0113723a425c913a886709698c4110f960c0990905804e0b2c/fastapi-0.112.0-py3-none-any.whl", hash = "sha256:3487ded9778006a45834b8c816ec4a48d522e2631ca9e75ec5a774f1b052f821", size = 93135, upload-time = "2024-08-02T06:13:58.775Z" },
]

[[package]]
name = "h11"
version = "0.16.0"
source = { registry = "https://pypi.org/simple" }
sdist = { url = "https://files.pythonhosted.org/packages/01/ee/02a2c011bdab74c6fb3c75474d40b3052059d95df7e73351460c8588d963/h11-0.16.0.tar.gz", hash = "sha256:4e35b956cf45792e4caa5885e69fba00bdbc6ffafbfa020300e549b208ee5ff1", size = 101250, upload-time = "2025-04-24T03:35:25.427Z" }
wheels = [
    { url = "https://files.pythonhosted.org/packages/04/4b/29cac41a4d98d144bf5f6d33995617b185d14b22401f75ca86f384e87ff1/h11-0.16.0-py3-none-any.whl", hash = "sha256:63cf8bbe7522de3bf65932fda1d9c2772064ffb3dae62d55932da54b31cb6c86", size = 37515, upload-time = "2025-04-24T03:35:24.344Z" },
]

[[package]]
name = "hello-boss"
version = "0.1.0"
source = { virtual = "." }
dependencies = [
    { name = "bson" },
    { name = "bson-py" },
    { name = "fastapi" },
    { name = "pydantic" },
    { name = "pymongo" },
    { name = "uvicorn" },
]

[package.metadata]
requires-dist = [
    { name = "bson", specifier = ">=0.5.10" },
    { name = "bson-py", specifier = ">=1.0.0" },
    { name = "fastapi", specifier = "==0.112.0" },
    { name = "pydantic", specifier = "==2.8.2" },
    { name = "pymongo", specifier = ">=4.15.3" },
    { name = "uvicorn", specifier = ">=0.38.0" },
]

[[package]]
name = "idna"
version = "3.11"
source = { registry = "https://pypi.org/simple" }
sdist = { url = "https://files.pythonhosted.org/packages/6f/6d/0703ccc57f3a7233505399edb88de3cbd678da106337b9fcde432b65ed60/idna-3.11.tar.gz", hash = "sha256:795dafcc9c04ed0c1fb032c2aa73654d8e8c5023a7df64a53f39190ada629902", size = 194582, upload-time = "2025-10-12T14:55:20.501Z" }
wheels = [
    { url = "https://files.pythonhosted.org/packages/0e/61/66938bbb5fc52dbdf84594873d5b51fb1f7c7794e9c0f5bd885f30bc507b/idna-3.11-py3-none-any.whl", hash = "sha256:771a87f49d9defaf64091e6e6fe9c18d4833f140bd19464795bc32d966ca37ea", size = 71008, upload-time = "2025-10-12T14:55:18.883Z" },
]

[[package]]
name = "pydantic"
version = "2.8.2"
source = { registry = "https://pypi.org/simple" }
dependencies = [
    { name = "annotated-types" },
    { name = "pydantic-core" },
    { name = "typing-extensions" },
]
sdist = { url = "https://files.pythonhosted.org/packages/8c/99/d0a5dca411e0a017762258013ba9905cd6e7baa9a3fd1fe8b6529472902e/pydantic-2.8.2.tar.gz", hash = "sha256:6f62c13d067b0755ad1c21a34bdd06c0c12625a22b0fc09c6b149816604f7c2a", size = 739834, upload-time = "2024-07-04T02:59:49.416Z" }
wheels = [
    { url = "https://files.pythonhosted.org/packages/1f/fa/b7f815b8c9ad021c07f88875b601222ef5e70619391ade4a49234d12d278/pydantic-2.8.2-py3-none-any.whl", hash = "sha256:73ee9fddd406dc318b885c7a2eab8a6472b68b8fb5ba8150949fc3db939f23c8", size = 423875, upload-time = "2024-07-04T02:59:45.33Z" },
]

[[package]]
name = "pydantic-core"
version = "2.20.1"
source = { registry = "https://pypi.org/simple" }
dependencies = [
    { name = "typing-extensions" },
]
sdist = { url = "https://files.pythonhosted.org/packages/12/e3/0d5ad91211dba310f7ded335f4dad871172b9cc9ce204f5a56d76ccd6247/pydantic_core-2.20.1.tar.gz", hash = "sha256:26ca695eeee5f9f1aeeb211ffc12f10bcb6f71e2989988fda61dabd65db878d4", size = 388371, upload-time = "2024-07-03T17:04:13.963Z" }
wheels = [
    { url = "https://files.pythonhosted.org/packages/61/db/f6a724db226d990a329910727cfac43539ff6969edc217286dd05cda3ef6/pydantic_core-2.20.1-cp311-cp311-macosx_10_12_x86_64.whl", hash = "sha256:d2a8fa9d6d6f891f3deec72f5cc668e6f66b188ab14bb1ab52422fe8e644f312", size = 1834507, upload-time = "2024-07-03T17:00:44.754Z" },
    { url = "https://files.pythonhosted.org/packages/9b/83/6f2bfe75209d557ae1c3550c1252684fc1827b8b12fbed84c3b4439e135d/pydantic_core-2.20.1-cp311-cp311-macosx_11_0_arm64.whl", hash = "sha256:175873691124f3d0da55aeea1d90660a6ea7a3cfea137c38afa0a5ffabe37b88", size = 1773527, upload-time = "2024-07-03T17:00:47.141Z" },
    { url = "https://files.pythonhosted.org/packages/93/ef/513ea76d7ca81f2354bb9c8d7839fc1157673e652613f7e1aff17d8ce05d/pydantic_core-2.20.1-cp311-cp311-manylinux_2_17_aarch64.manylinux2014_aarch64.whl", hash = "sha256:37eee5b638f0e0dcd18d21f59b679686bbd18917b87db0193ae36f9c23c355fc", size = 1787879, upload-time = "2024-07-03T17:00:49.729Z" },
    { url = "https://files.pythonhosted.org/packages/31/0a/ac294caecf235f0cc651de6232f1642bb793af448d1cfc541b0dc1fd72b8/pydantic_core-2.20.1-cp311-cp311-manylinux_2_17_armv7l.manylinux2014_armv7l.whl", hash = "sha256:25e9185e2d06c16ee438ed39bf62935ec436474a6ac4f9358524220f1b236e43", size = 1774694, upload-time = "2024-07-03T17:00:52.201Z" },
    { url = "https://files.pythonhosted.org/packages/46/a4/08f12b5512f095963550a7cb49ae010e3f8f3f22b45e508c2cb4d7744fce/pydantic_core-2.20.1-cp311-cp311-manylinux_2_17_ppc64le.manylinux2014_ppc64le.whl", hash = "sha256:150906b40ff188a3260cbee25380e7494ee85048584998c1e66df0c7a11c17a6", size = 1976369, upload-time = "2024-07-03T17:00:55.025Z" },
    { url = "https://files.pythonhosted.org/packages/15/59/b2495be4410462aedb399071c71884042a2c6443319cbf62d00b4a7ed7a5/pydantic_core-2.20.1-cp311-cp311-manylinux_2_17_s390x.manylinux2014_s390x.whl", hash = "sha256:8ad4aeb3e9a97286573c03df758fc7627aecdd02f1da04516a86dc159bf70121", size = 2691250, upload-time = "2024-07-03T17:00:57.166Z" },
    { url = "https://files.pythonhosted.org/packages/3c/ae/fc99ce1ba791c9e9d1dee04ce80eef1dae5b25b27e3fc8e19f4e3f1348bf/pydantic_core-2.20.1-cp311-cp311-manylinux_2_17_x86_64.manylinux2014_x86_64.whl", hash = "sha256:d3f3ed29cd9f978c604708511a1f9c2fdcb6c38b9aae36a51905b8811ee5cbf1", size = 2061462, upload-time = "2024-07-03T17:00:59.381Z" },
    { url = "https://files.pythonhosted.org/packages/44/bb/eb07cbe47cfd638603ce3cb8c220f1a054b821e666509e535f27ba07ca5f/pydantic_core-2.20.1-cp311-cp311-manylinux_2_5_i686.manylinux1_i686.whl", hash = "sha256:b0dae11d8f5ded51699c74d9548dcc5938e0804cc8298ec0aa0da95c21fff57b", size = 1893923, upload-time = "2024-07-03T17:01:01.943Z" },
    { url = "https://files.pythonhosted.org/packages/ce/ef/5a52400553b8faa0e7f11fd7a2ba11e8d2feb50b540f9e7973c49b97eac0/pydantic_core-2.20.1-cp311-cp311-musllinux_1_1_aarch64.whl", hash = "sha256:faa6b09ee09433b87992fb5a2859efd1c264ddc37280d2dd5db502126d0e7f27", size = 1966779, upload-time = "2024-07-03T17:01:04.864Z" },
    { url = "https://files.pythonhosted.org/packages/4c/5b/fb37fe341344d9651f5c5f579639cd97d50a457dc53901aa8f7e9f28beb9/pydantic_core-2.20.1-cp311-cp311-musllinux_1_1_x86_64.whl", hash = "sha256:9dc1b507c12eb0481d071f3c1808f0529ad41dc415d0ca11f7ebfc666e66a18b", size = 2109044, upload-time = "2024-07-03T17:01:07.241Z" },
    { url = "https://files.pythonhosted.org/packages/70/1a/6f7278802dbc66716661618807ab0dfa4fc32b09d1235923bbbe8b3a5757/pydantic_core-2.20.1-cp311-none-win32.whl", hash = "sha256:fa2fddcb7107e0d1808086ca306dcade7df60a13a6c347a7acf1ec139aa6789a", size = 1708265, upload-time = "2024-07-03T17:01:11.061Z" },
    { url = "https://files.pythonhosted.org/packages/35/7f/58758c42c61b0bdd585158586fecea295523d49933cb33664ea888162daf/pydantic_core-2.20.1-cp311-none-win_amd64.whl", hash = "sha256:40a783fb7ee353c50bd3853e626f15677ea527ae556429453685ae32280c19c2", size = 1901750, upload-time = "2024-07-03T17:01:13.335Z" },
    { url = "https://files.pythonhosted.org/packages/6f/47/ef0d60ae23c41aced42921728650460dc831a0adf604bfa66b76028cb4d0/pydantic_core-2.20.1-cp312-cp312-macosx_10_12_x86_64.whl", hash = "sha256:595ba5be69b35777474fa07f80fc260ea71255656191adb22a8c53aba4479231", size = 1839225, upload-time = "2024-07-03T17:01:15.981Z" },
    { url = "https://files.pythonhosted.org/packages/6a/23/430f2878c9cd977a61bb39f71751d9310ec55cee36b3d5bf1752c6341fd0/pydantic_core-2.20.1-cp312-cp312-macosx_11_0_arm64.whl", hash = "sha256:a4f55095ad087474999ee28d3398bae183a66be4823f753cd7d67dd0153427c9", size = 1768604, upload-time = "2024-07-03T17:01:18.188Z" },
    { url = "https://files.pythonhosted.org/packages/9e/2b/ec4e7225dee79e0dc80ccc3c35ab33cc2c4bbb8a1a7ecf060e5e453651ec/pydantic_core-2.20.1-cp312-cp312-manylinux_2_17_aarch64.manylinux2014_aarch64.whl", hash = "sha256:f9aa05d09ecf4c75157197f27cdc9cfaeb7c5f15021c6373932bf3e124af029f", size = 1789767, upload-time = "2024-07-03T17:01:20.86Z" },
    { url = "https://files.pythonhosted.org/packages/64/b0/38b24a1fa6d2f96af3148362e10737ec073768cd44d3ec21dca3be40a519/pydantic_core-2.20.1-cp312-cp312-manylinux_2_17_armv7l.manylinux2014_armv7l.whl", hash = "sha256:e97fdf088d4b31ff4ba35db26d9cc472ac7ef4a2ff2badeabf8d727b3377fc52", size = 1772061, upload-time = "2024-07-03T17:01:23.9Z" },
    { url = "https://files.pythonhosted.org/packages/5e/da/bb73274c42cb60decfa61e9eb0c9029da78b3b9af0a9de0309dbc8ff87b6/pydantic_core-2.20.1-cp312-cp312-manylinux_2_17_ppc64le.manylinux2014_ppc64le.whl", hash = "sha256:bc633a9fe1eb87e250b5c57d389cf28998e4292336926b0b6cdaee353f89a237", size = 1974573, upload-time = "2024-07-03T17:01:26.318Z" },
    { url = "https://files.pythonhosted.org/packages/c8/65/41693110fb3552556180460daffdb8bbeefb87fc026fd9aa4b849374015c/pydantic_core-2.20.1-cp312-cp312-manylinux_2_17_s390x.manylinux2014_s390x.whl", hash = "sha256:d573faf8eb7e6b1cbbcb4f5b247c60ca8be39fe2c674495df0eb4318303137fe", size = 2625596, upload-time = "2024-07-03T17:01:28.775Z" },
    { url = "https://files.pythonhosted.org/packages/09/b3/a5a54b47cccd1ab661ed5775235c5e06924753c2d4817737c5667bfa19a8/pydantic_core-2.20.1-cp312-cp312-manylinux_2_17_x86_64.manylinux2014_x86_64.whl", hash = "sha256:26dc97754b57d2fd00ac2b24dfa341abffc380b823211994c4efac7f13b9e90e", size = 2099064, upload-time = "2024-07-03T17:01:30.962Z" },
    { url = "https://files.pythonhosted.org/packages/52/fa/443a7a6ea54beaba45ff3a59f3d3e6e3004b7460bcfb0be77bcf98719d3b/pydantic_core-2.20.1-cp312-cp312-manylinux_2_5_i686.manylinux1_i686.whl", hash = "sha256:33499e85e739a4b60c9dac710c20a08dc73cb3240c9a0e22325e671b27b70d24", size = 1900345, upload-time = "2024-07-03T17:01:33.634Z" },
    { url = "https://files.pythonhosted.org/packages/8e/e6/9aca9ffae60f9cdf0183069de3e271889b628d0fb175913fcb3db5618fb1/pydantic_core-2.20.1-cp312-cp312-musllinux_1_1_aarch64.whl", hash = "sha256:bebb4d6715c814597f85297c332297c6ce81e29436125ca59d1159b07f423eb1", size = 1968252, upload-time = "2024-07-03T17:01:36.291Z" },
    { url = "https://files.pythonhosted.org/packages/46/5e/6c716810ea20a6419188992973a73c2fb4eb99cd382368d0637ddb6d3c99/pydantic_core-2.20.1-cp312-cp312-musllinux_1_1_x86_64.whl", hash = "sha256:516d9227919612425c8ef1c9b869bbbee249bc91912c8aaffb66116c0b447ebd", size = 2119191, upload-time = "2024-07-03T17:01:38.905Z" },
    { url = "https://files.pythonhosted.org/packages/06/fc/6123b00a9240fbb9ae0babad7a005d51103d9a5d39c957a986f5cdd0c271/pydantic_core-2.20.1-cp312-none-win32.whl", hash = "sha256:469f29f9093c9d834432034d33f5fe45699e664f12a13bf38c04967ce233d688", size = 1717788, upload-time = "2024-07-03T17:01:41.329Z" },
    { url = "https://files.pythonhosted.org/packages/d5/36/e61ad5a46607a469e2786f398cd671ebafcd9fb17f09a2359985c7228df5/pydantic_core-2.20.1-cp312-none-win_amd64.whl", hash = "sha256:035ede2e16da7281041f0e626459bcae33ed998cca6a0a007a5ebb73414ac72d", size = 1898188, upload-time = "2024-07-03T17:01:44.155Z" },
    { url = "https://files.pythonhosted.org/packages/49/75/40b0e98b658fdba02a693b3bacb4c875a28bba87796c7b13975976597d8c/pydantic_core-2.20.1-cp313-cp313-macosx_10_12_x86_64.whl", hash = "sha256:0827505a5c87e8aa285dc31e9ec7f4a17c81a813d45f70b1d9164e03a813a686", size = 1838688, upload-time = "2024-07-03T17:01:46.508Z" },
    { url = "https://files.pythonhosted.org/packages/75/02/d8ba2d4a266591a6a623c68b331b96523d4b62ab82a951794e3ed8907390/pydantic_core-2.20.1-cp313-cp313-macosx_11_0_arm64.whl", hash = "sha256:19c0fa39fa154e7e0b7f82f88ef85faa2a4c23cc65aae2f5aea625e3c13c735a", size = 1768409, upload-time = "2024-07-03T17:01:49.013Z" },
    { url = "https://files.pythonhosted.org/packages/91/ae/25ecd9bc4ce4993e99a1a3c9ab111c082630c914260e129572fafed4ecc2/pydantic_core-2.20.1-cp313-cp313-manylinux_2_17_aarch64.manylinux2014_aarch64.whl", hash = "sha256:4aa223cd1e36b642092c326d694d8bf59b71ddddc94cdb752bbbb1c5c91d833b", size = 1789317, upload-time = "2024-07-03T17:01:51.78Z" },
    { url = "https://files.pythonhosted.org/packages/7a/80/72057580681cdbe55699c367963d9c661b569a1d39338b4f6239faf36cdc/pydantic_core-2.20.1-cp313-cp313-manylinux_2_17_armv7l.manylinux2014_armv7l.whl", hash = "sha256:c336a6d235522a62fef872c6295a42ecb0c4e1d0f1a3e500fe949415761b8a19", size = 1771949, upload-time = "2024-07-03T17:01:53.881Z" },
    { url = "https://files.pythonhosted.org/packages/a2/be/d9bbabc55b05019013180f141fcaf3b14dbe15ca7da550e95b60c321009a/pydantic_core-2.20.1-cp313-cp313-manylinux_2_17_ppc64le.manylinux2014_ppc64le.whl", hash = "sha256:7eb6a0587eded33aeefea9f916899d42b1799b7b14b8f8ff2753c0ac1741edac", size = 1974392, upload-time = "2024-07-03T17:01:56.005Z" },
    { url = "https://files.pythonhosted.org/packages/79/2d/7bcd938c6afb0f40293283f5f09988b61fb0a4f1d180abe7c23a2f665f8e/pydantic_core-2.20.1-cp313-cp313-manylinux_2_17_s390x.manylinux2014_s390x.whl", hash = "sha256:70c8daf4faca8da5a6d655f9af86faf6ec2e1768f4b8b9d0226c02f3d6209703", size = 2625565, upload-time = "2024-07-03T17:01:58.508Z" },
    { url = "https://files.pythonhosted.org/packages/ac/88/ca758e979457096008a4b16a064509028e3e092a1e85a5ed6c18ced8da88/pydantic_core-2.20.1-cp313-cp313-manylinux_2_17_x86_64.manylinux2014_x86_64.whl", hash = "sha256:e9fa4c9bf273ca41f940bceb86922a7667cd5bf90e95dbb157cbb8441008482c", size = 2098784, upload-time = "2024-07-03T17:02:01.13Z" },
    { url = "https://files.pythonhosted.org/packages/eb/de/2fad6d63c3c42e472e985acb12ec45b7f56e42e6f4cd6dfbc5e87ee8678c/pydantic_core-2.20.1-cp313-cp313-manylinux_2_5_i686.manylinux1_i686.whl", hash = "sha256:11b71d67b4725e7e2a9f6e9c0ac1239bbc0c48cce3dc59f98635efc57d6dac83", size = 1900198, upload-time = "2024-07-03T17:02:04.348Z" },
    { url = "https://files.pythonhosted.org/packages/fe/50/077c7f35b6488dc369a6d22993af3a37901e198630f38ac43391ca730f5b/pydantic_core-2.20.1-cp313-cp313-musllinux_1_1_aarch64.whl", hash = "sha256:270755f15174fb983890c49881e93f8f1b80f0b5e3a3cc1394a255706cabd203", size = 1968005, upload-time = "2024-07-03T17:02:06.737Z" },
    { url = "https://files.pythonhosted.org/packages/5d/1f/f378631574ead46d636b9a04a80ff878b9365d4b361b1905ef1667d4182a/pydantic_core-2.20.1-cp313-cp313-musllinux_1_1_x86_64.whl", hash = "sha256:c81131869240e3e568916ef4c307f8b99583efaa60a8112ef27a366eefba8ef0", size = 2118920, upload-time = "2024-07-03T17:02:09.976Z" },
    { url = "https://files.pythonhosted.org/packages/7a/ea/e4943f17df7a3031d709481fe4363d4624ae875a6409aec34c28c9e6cf59/pydantic_core-2.20.1-cp313-none-win32.whl", hash = "sha256:b91ced227c41aa29c672814f50dbb05ec93536abf8f43cd14ec9521ea09afe4e", size = 1717397, upload-time = "2024-07-03T17:02:12.495Z" },
    { url = "https://files.pythonhosted.org/packages/13/63/b95781763e8d84207025071c0cec16d921c0163c7a9033ae4b9a0e020dc7/pydantic_core-2.20.1-cp313-none-win_amd64.whl", hash = "sha256:65db0f2eefcaad1a3950f498aabb4875c8890438bc80b19362cf633b87a8ab20", size = 1898013, upload-time = "2024-07-03T17:02:15.157Z" },
]

[[package]]
name = "pymongo"
version = "4.15.3"
source = { registry = "https://pypi.org/simple" }
dependencies = [
    { name = "dnspython" },
]
sdist = { url = "https://files.pythonhosted.org/packages/9d/7b/a709c85dc716eb85b69f71a4bb375cf1e72758a7e872103f27551243319c/pymongo-4.15.3.tar.gz", hash = "sha256:7a981271347623b5319932796690c2d301668ac3a1965974ac9f5c3b8a22cea5", size = 2470801, upload-time = "2025-10-07T21:57:50.384Z" }
wheels = [
    { url = "https://files.pythonhosted.org/packages/73/04/3dbc426c5868961d8308f19750243f8472f587f5f8a5029ce6953ba74b82/pymongo-4.15.3-cp311-cp311-macosx_10_9_x86_64.whl", hash = "sha256:39a13d8f7141294404ce46dfbabb2f2d17e9b1192456651ae831fa351f86fbeb", size = 865889, upload-time = "2025-10-07T21:56:14.165Z" },
    { url = "https://files.pythonhosted.org/packages/8c/39/7f7652f53dd0eb0c4c3420a175183da757e9c53f9a2bf3ebc589758a1b9e/pymongo-4.15.3-cp311-cp311-macosx_11_0_arm64.whl", hash = "sha256:17d13458baf4a6a9f2e787d95adf8ec50d412accb9926a044bd1c41029c323b2", size = 866230, upload-time = "2025-10-07T21:56:15.587Z" },
    { url = "https://files.pythonhosted.org/packages/6a/0b/84e119e6bab7b19cf4fa1ebb9b4c29bf6c0e76521ed8221b44e3f94a3a37/pymongo-4.15.3-cp311-cp311-manylinux1_i686.manylinux_2_28_i686.manylinux_2_5_i686.whl", hash = "sha256:fe4bcb8acfb288e238190397d4a699aeb4adb70e8545a6f4e44f99d4e8096ab1", size = 1429788, upload-time = "2025-10-07T21:56:17.362Z" },
    { url = "https://files.pythonhosted.org/packages/30/39/9905fcb99903de6ac8483114d1c85efe56bc5df735857bdfcc372cf8a3ec/pymongo-4.15.3-cp311-cp311-manylinux2014_aarch64.manylinux_2_17_aarch64.manylinux_2_28_aarch64.whl", hash = "sha256:d09d895c7f08bcbed4d2e96a00e52e9e545ae5a37b32d2dc10099b205a21fc6d", size = 1456758, upload-time = "2025-10-07T21:56:18.841Z" },
    { url = "https://files.pythonhosted.org/packages/08/58/3c3ac32b8d6ebb654083d53f58e4621cd4c7f306b3b85acef667b80acf08/pymongo-4.15.3-cp311-cp311-manylinux2014_ppc64le.manylinux_2_17_ppc64le.manylinux_2_28_ppc64le.whl", hash = "sha256:21c0a95a4db72562fd0805e2f76496bf432ba2e27a5651f4b9c670466260c258", size = 1514666, upload-time = "2025-10-07T21:56:20.488Z" },
    { url = "https://files.pythonhosted.org/packages/19/e2/52f41de224218dc787b7e1187a1ca1a51946dcb979ee553ec917745ccd8d/pymongo-4.15.3-cp311-cp311-manylinux2014_s390x.manylinux_2_17_s390x.manylinux_2_28_s390x.whl", hash = "sha256:89e45d7fa987f4e246cdf43ff001e3f911f73eb19ba9dabc2a6d80df5c97883b", size = 1500703, upload-time = "2025-10-07T21:56:21.874Z" },
    { url = "https://files.pythonhosted.org/packages/34/0d/a5271073339ba6fc8a5f4e3a62baaa5dd8bf35246c37b512317e2a22848e/pymongo-4.15.3-cp311-cp311-manylinux2014_x86_64.manylinux_2_17_x86_64.manylinux_2_28_x86_64.whl", hash = "sha256:1246a82fa6dd73ac2c63aa7e463752d5d1ca91e0c7a23396b78f21273befd3a7", size = 1452013, upload-time = "2025-10-07T21:56:23.526Z" },
    { url = "https://files.pythonhosted.org/packages/a0/3b/f39b721ca0db9f0820e12eeffec84eb87b7502abb13a685226c5434f9618/pymongo-4.15.3-cp311-cp311-win32.whl", hash = "sha256:9483521c03f6017336f54445652ead3145154e8d3ea06418e52cea57fee43292", size = 844461, upload-time = "2025-10-07T21:56:24.867Z" },
    { url = "https://files.pythonhosted.org/packages/12/72/e58b9df862edbf238a1d71fa32749a6eaf30a3f60289602681351c29093a/pymongo-4.15.3-cp311-cp311-win_amd64.whl", hash = "sha256:c57dad9f289d72af1d7c47a444c4d9fa401f951cedbbcc54c7dd0c2107d6d786", size = 859200, upload-time = "2025-10-07T21:56:26.393Z" },
    { url = "https://files.pythonhosted.org/packages/81/8f/64c15df5e87de759412c3b962950561202c9b39e5cc604061e056043e163/pymongo-4.15.3-cp311-cp311-win_arm64.whl", hash = "sha256:2fd3b99520f2bb013960ac29dece1b43f2f1b6d94351ca33ba1b1211ecf79a09", size = 848372, upload-time = "2025-10-07T21:56:27.994Z" },
    { url = "https://files.pythonhosted.org/packages/5b/92/7491a2046b41bfd3641da0a23529c88e27eac67c681de3cd9fbef4113d38/pymongo-4.15.3-cp312-cp312-macosx_10_13_x86_64.whl", hash = "sha256:bd0497c564b0ae34fb816464ffc09986dd9ca29e2772a0f7af989e472fecc2ad", size = 920953, upload-time = "2025-10-07T21:56:29.737Z" },
    { url = "https://files.pythonhosted.org/packages/ce/0c/98864cbfa8fbc954ae7480c91a35f0dc4e3339dab0c55f669e4dbeac808f/pymongo-4.15.3-cp312-cp312-macosx_11_0_arm64.whl", hash = "sha256:292fd5a3f045751a823a54cdea75809b2216a62cc5f74a1a96b337db613d46a8", size = 920690, upload-time = "2025-10-07T21:56:31.094Z" },
    { url = "https://files.pythonhosted.org/packages/b8/a6/7dc8043a10a1c30153be2d6847ab37911b169d53a6b05d21871b35b3de82/pymongo-4.15.3-cp312-cp312-manylinux1_i686.manylinux_2_28_i686.manylinux_2_5_i686.whl", hash = "sha256:959ef69c5e687b6b749fbf2140c7062abdb4804df013ae0507caabf30cba6875", size = 1690357, upload-time = "2025-10-07T21:56:32.466Z" },
    { url = "https://files.pythonhosted.org/packages/0b/96/3d85da60094d2022217f2849e1b61a79af9d51ed8d05455d7413d68ab88e/pymongo-4.15.3-cp312-cp312-manylinux2014_aarch64.manylinux_2_17_aarch64.manylinux_2_28_aarch64.whl", hash = "sha256:de3bc878c3be54ae41c2cabc9e9407549ed4fec41f4e279c04e840dddd7c630c", size = 1726102, upload-time = "2025-10-07T21:56:33.952Z" },
    { url = "https://files.pythonhosted.org/packages/ac/fd/dfd6ddee0330171f2f52f7e5344c02d25d2dd8dfa95ce0e5e413579f52fd/pymongo-4.15.3-cp312-cp312-manylinux2014_ppc64le.manylinux_2_17_ppc64le.manylinux_2_28_ppc64le.whl", hash = "sha256:07bcc36d11252f24fe671e7e64044d39a13d997b0502c6401161f28cc144f584", size = 1800630, upload-time = "2025-10-07T21:56:35.632Z" },
    { url = "https://files.pythonhosted.org/packages/1c/3b/e19a5f2de227ff720bc76c41d166d508e6fbe1096ba1ad18ade43b790b5e/pymongo-4.15.3-cp312-cp312-manylinux2014_s390x.manylinux_2_17_s390x.manylinux_2_28_s390x.whl", hash = "sha256:b63bac343b79bd209e830aac1f5d9d552ff415f23a924d3e51abbe3041265436", size = 1785478, upload-time = "2025-10-07T21:56:37.39Z" },
    { url = "https://files.pythonhosted.org/packages/75/d2/927c9b1383c6708fc50c3700ecb1c2876e67dde95ad5fb1d29d04e8ac083/pymongo-4.15.3-cp312-cp312-manylinux2014_x86_64.manylinux_2_17_x86_64.manylinux_2_28_x86_64.whl", hash = "sha256:b33d59bf6fa1ca1d7d96d4fccff51e41312358194190d53ef70a84c070f5287e", size = 1718548, upload-time = "2025-10-07T21:56:38.754Z" },
    { url = "https://files.pythonhosted.org/packages/fe/10/a63592d1445f894b18d04865c2d4c235e2261f3d63f31f45ba4fe0486ec4/pymongo-4.15.3-cp312-cp312-win32.whl", hash = "sha256:b3a0ec660d61efb91c16a5962ec937011fe3572c4338216831f102e53d294e5c", size = 891301, upload-time = "2025-10-07T21:56:40.043Z" },
    { url = "https://files.pythonhosted.org/packages/be/ba/a8fdc43044408ed769c83108fa569aa52ee87968bdbf1e2ea142b109c268/pymongo-4.15.3-cp312-cp312-win_amd64.whl", hash = "sha256:f6b0513e5765fdde39f36e6a29a36c67071122b5efa748940ae51075beb5e4bc", size = 910928, upload-time = "2025-10-07T21:56:41.401Z" },
    { url = "https://files.pythonhosted.org/packages/b4/61/d53c17fdfaa9149864ab1fa84436ae218b72c969f00e4c124e017e461ce6/pymongo-4.15.3-cp312-cp312-win_arm64.whl", hash = "sha256:c4fdd8e6eab8ff77c1c8041792b5f760d48508623cd10b50d5639e73f1eec049", size = 896347, upload-time = "2025-10-07T21:56:43.271Z" },
    { url = "https://files.pythonhosted.org/packages/46/a4/e1ce9d408a1c1bcb1554ff61251b108e16cefd7db91b33faa2afc92294de/pymongo-4.15.3-cp313-cp313-macosx_10_13_x86_64.whl", hash = "sha256:a47a3218f7900f65bf0f36fcd1f2485af4945757360e7e143525db9d715d2010", size = 975329, upload-time = "2025-10-07T21:56:44.674Z" },
    { url = "https://files.pythonhosted.org/packages/74/3c/6796f653d22be43cc0b13c07dbed84133eebbc334ebed4426459b7250163/pymongo-4.15.3-cp313-cp313-macosx_11_0_arm64.whl", hash = "sha256:09440e78dff397b2f34a624f445ac8eb44c9756a2688b85b3bf344d351d198e1", size = 975129, upload-time = "2025-10-07T21:56:46.104Z" },
    { url = "https://files.pythonhosted.org/packages/88/33/22453dbfe11031e89c9cbdfde6405c03960daaf5da1b4dfdd458891846b5/pymongo-4.15.3-cp313-cp313-manylinux1_i686.manylinux_2_28_i686.manylinux_2_5_i686.whl", hash = "sha256:97f9babdb98c31676f97d468f7fe2dc49b8a66fb6900effddc4904c1450196c8", size = 1950979, upload-time = "2025-10-07T21:56:47.877Z" },
    { url = "https://files.pythonhosted.org/packages/ba/07/094598e403112e2410a3376fb7845c69e2ec2dfc5ab5cc00b29dc2d26559/pymongo-4.15.3-cp313-cp313-manylinux2014_aarch64.manylinux_2_17_aarch64.manylinux_2_28_aarch64.whl", hash = "sha256:71413cd8f091ae25b1fec3af7c2e531cf9bdb88ce4079470e64835f6a664282a", size = 1995271, upload-time = "2025-10-07T21:56:49.396Z" },
    { url = "https://files.pythonhosted.org/packages/47/9a/29e44f3dee68defc56e50ed7c9d3802ebf967ab81fefb175d8d729c0f276/pymongo-4.15.3-cp313-cp313-manylinux2014_ppc64le.manylinux_2_17_ppc64le.manylinux_2_28_ppc64le.whl", hash = "sha256:76a8d4de8dceb69f6e06736198ff6f7e1149515ef946f192ff2594d2cc98fc53", size = 2086587, upload-time = "2025-10-07T21:56:50.896Z" },
    { url = "https://files.pythonhosted.org/packages/ff/d5/e9ff16aa57f671349134475b904fd431e7b86e152b01a949aef4f254b2d5/pymongo-4.15.3-cp313-cp313-manylinux2014_s390x.manylinux_2_17_s390x.manylinux_2_28_s390x.whl", hash = "sha256:77353978be9fc9e5fe56369682efed0aac5f92a2a1570704d62b62a3c9e1a24f", size = 2070201, upload-time = "2025-10-07T21:56:52.425Z" },
    { url = "https://files.pythonhosted.org/packages/d6/a3/820772c0b2bbb671f253cfb0bede4cf694a38fb38134f3993d491e23ec11/pymongo-4.15.3-cp313-cp313-manylinux2014_x86_64.manylinux_2_17_x86_64.manylinux_2_28_x86_64.whl", hash = "sha256:9897a837677e3814873d0572f7e5d53c23ce18e274f3b5b87f05fb6eea22615b", size = 1985260, upload-time = "2025-10-07T21:56:54.56Z" },
    { url = "https://files.pythonhosted.org/packages/6e/7b/365ac821aefad7e8d36a4bc472a94429449aade1ccb7805d9ca754df5081/pymongo-4.15.3-cp313-cp313-win32.whl", hash = "sha256:d66da207ccb0d68c5792eaaac984a0d9c6c8ec609c6bcfa11193a35200dc5992", size = 938122, upload-time = "2025-10-07T21:56:55.993Z" },
    { url = "https://files.pythonhosted.org/packages/80/f3/5ca27e1765fa698c677771a1c0e042ef193e207c15f5d32a21fa5b13d8c3/pymongo-4.15.3-cp313-cp313-win_amd64.whl", hash = "sha256:52f40c4b8c00bc53d4e357fe0de13d031c4cddb5d201e1a027db437e8d2887f8", size = 962610, upload-time = "2025-10-07T21:56:57.397Z" },
    { url = "https://files.pythonhosted.org/packages/48/7c/42f0b6997324023e94939f8f32b9a8dd928499f4b5d7b4412905368686b5/pymongo-4.15.3-cp313-cp313-win_arm64.whl", hash = "sha256:fb384623ece34db78d445dd578a52d28b74e8319f4d9535fbaff79d0eae82b3d", size = 944300, upload-time = "2025-10-07T21:56:58.969Z" },
    { url = "https://files.pythonhosted.org/packages/e7/a3/d8aaf9c243ce1319bd2498004a9acccfcfb35a3ef9851abb856993d95255/pymongo-4.15.3-cp314-cp314-macosx_10_13_x86_64.whl", hash = "sha256:dcff15b9157c16bc796765d4d3d151df669322acfb0357e4c3ccd056153f0ff4", size = 1029873, upload-time = "2025-10-07T21:57:00.759Z" },
    { url = "https://files.pythonhosted.org/packages/64/10/91fd7791425ed3b56cbece6c23a36fb2696706a695655d8ea829e5e23c3a/pymongo-4.15.3-cp314-cp314-macosx_11_0_arm64.whl", hash = "sha256:1f681722c9f27e86c49c2e8a838e61b6ecf2285945fd1798bd01458134257834", size = 1029611, upload-time = "2025-10-07T21:57:02.488Z" },
    { url = "https://files.pythonhosted.org/packages/bb/9c/d9cf8d8a181f96877bca7bdec3e6ce135879d5e3d78694ea465833c53a3f/pymongo-4.15.3-cp314-cp314-manylinux1_i686.manylinux_2_28_i686.manylinux_2_5_i686.whl", hash = "sha256:2c96dde79bdccd167b930a709875b0cd4321ac32641a490aebfa10bdcd0aa99b", size = 2211827, upload-time = "2025-10-07T21:57:03.907Z" },
    { url = "https://files.pythonhosted.org/packages/c2/40/12703964305216c155284100124222eaa955300a07d426c6e0ba3c9cbade/pymongo-4.15.3-cp314-cp314-manylinux2014_aarch64.manylinux_2_17_aarch64.manylinux_2_28_aarch64.whl", hash = "sha256:d2d4ca446348d850ac4a5c3dc603485640ae2e7805dbb90765c3ba7d79129b37", size = 2264654, upload-time = "2025-10-07T21:57:05.41Z" },
    { url = "https://files.pythonhosted.org/packages/0f/70/bf3c18b5d0cae0b9714158b210b07b5891a875eb1c503271cfe045942fd3/pymongo-4.15.3-cp314-cp314-manylinux2014_ppc64le.manylinux_2_17_ppc64le.manylinux_2_28_ppc64le.whl", hash = "sha256:7c0fd3de3a12ff0a8113a3f64cedb01f87397ab8eaaffa88d7f18ca66cd39385", size = 2371830, upload-time = "2025-10-07T21:57:06.9Z" },
    { url = "https://files.pythonhosted.org/packages/21/6d/2dfaed2ae66304ab842d56ed9a1bd2706ca0ecf97975b328a5eeceb2a4c0/pymongo-4.15.3-cp314-cp314-manylinux2014_s390x.manylinux_2_17_s390x.manylinux_2_28_s390x.whl", hash = "sha256:e84dec392cf5f72d365e0aac73f627b0a3170193ebb038c3f7e7df11b7983ee7", size = 2351878, upload-time = "2025-10-07T21:57:08.92Z" },
    { url = "https://files.pythonhosted.org/packages/17/ed/fe46ff9adfa6dc11ad2e0694503adfc98f40583cfcc6db4dbaf582f0e357/pymongo-4.15.3-cp314-cp314-manylinux2014_x86_64.manylinux_2_17_x86_64.manylinux_2_28_x86_64.whl", hash = "sha256:8d4b01a48369ea6d5bc83fea535f56279f806aa3e4991189f0477696dd736289", size = 2251356, upload-time = "2025-10-07T21:57:10.51Z" },
    { url = "https://files.pythonhosted.org/packages/12/c4/2e1a10b1e9bca9c106f2dc1b89d4ad70c63d387c194b3a1bfcca552b5a3f/pymongo-4.15.3-cp314-cp314-win32.whl", hash = "sha256:3561fa96c3123275ec5ccf919e595547e100c412ec0894e954aa0da93ecfdb9e", size = 992878, upload-time = "2025-10-07T21:57:12.119Z" },
    { url = "https://files.pythonhosted.org/packages/98/b5/14aa417a44ea86d4c31de83b26f6e6793f736cd60e7e7fda289ce5184bdf/pymongo-4.15.3-cp314-cp314-win_amd64.whl", hash = "sha256:9df2db6bd91b07400879b6ec89827004c0c2b55fc606bb62db93cafb7677c340", size = 1021209, upload-time = "2025-10-07T21:57:13.686Z" },
    { url = "https://files.pythonhosted.org/packages/94/9f/1097c6824fa50a4ffb11ba5194d2a9ef68d5509dd342e32ddb697d2efe4e/pymongo-4.15.3-cp314-cp314-win_arm64.whl", hash = "sha256:ff99864085d2c7f4bb672c7167680ceb7d273e9a93c1a8074c986a36dbb71cc6", size = 1000618, upload-time = "2025-10-07T21:57:15.212Z" },
    { url = "https://files.pythonhosted.org/packages/ad/31/37c76607a4f793f4491611741fa7a7c4238b956f48c4a9505cea0b5cf7ef/pymongo-4.15.3-cp314-cp314t-macosx_10_13_x86_64.whl", hash = "sha256:ffe217d2502f3fba4e2b0dc015ce3b34f157b66dfe96835aa64432e909dd0d95", size = 1086576, upload-time = "2025-10-07T21:57:16.742Z" },
    { url = "https://files.pythonhosted.org/packages/92/b2/6d17d279cdd293eeeb0c9d5baeb4f8cdebb45354fd81cfcef2d1c69303ab/pymongo-4.15.3-cp314-cp314t-macosx_11_0_arm64.whl", hash = "sha256:390c4954c774eda280898e73aea36482bf20cba3ecb958dbb86d6a68b9ecdd68", size = 1086656, upload-time = "2025-10-07T21:57:18.774Z" },
    { url = "https://files.pythonhosted.org/packages/55/fd/c5da8619beca207d7e6231f24ed269cb537c5311dad59fd9f2ef7d43204a/pymongo-4.15.3-cp314-cp314t-manylinux1_i686.manylinux_2_28_i686.manylinux_2_5_i686.whl", hash = "sha256:7dd2a49f088890ca08930bbf96121443b48e26b02b84ba0a3e1ae2bf2c5a9b48", size = 2531646, upload-time = "2025-10-07T21:57:20.63Z" },
    { url = "https://files.pythonhosted.org/packages/93/8f/66a7e12b874f41eb205f352b3a719e5a964b5ba103996f6ac45e80560111/pymongo-4.15.3-cp314-cp314t-manylinux2014_aarch64.manylinux_2_17_aarch64.manylinux_2_28_aarch64.whl", hash = "sha256:5f6feb678f26171f2a6b2cbb340949889154c7067972bd4cc129b62161474f08", size = 2603799, upload-time = "2025-10-07T21:57:22.591Z" },
    { url = "https://files.pythonhosted.org/packages/10/98/baf0d1f8016087500899cc4ae14e591f29b016c643e99ab332fcafe6f7bc/pymongo-4.15.3-cp314-cp314t-manylinux2014_ppc64le.manylinux_2_17_ppc64le.manylinux_2_28_ppc64le.whl", hash = "sha256:446417a34ff6c2411ce3809e17ce9a67269c9f1cb4966b01e49e0c590cc3c6b3", size = 2725238, upload-time = "2025-10-07T21:57:24.091Z" },
    { url = "https://files.pythonhosted.org/packages/c9/a2/112d8d3882d6e842f501e166fbe08dfc2bc9a35f8773cbcaa804f7991043/pymongo-4.15.3-cp314-cp314t-manylinux2014_s390x.manylinux_2_17_s390x.manylinux_2_28_s390x.whl", hash = "sha256:cfa4a0a0f024a0336640e1201994e780a17bda5e6a7c0b4d23841eb9152e868b", size = 2704837, upload-time = "2025-10-07T21:57:25.626Z" },
    { url = "https://files.pythonhosted.org/packages/38/fe/043a9aac7b3fba5b8e216f48359bd18fdbe46a4d93b081786f773b25e997/pymongo-4.15.3-cp314-cp314t-manylinux2014_x86_64.manylinux_2_17_x86_64.manylinux_2_28_x86_64.whl", hash = "sha256:9b03db2fe37c950aff94b29ded5c349b23729bccd90a0a5907bbf807d8c77298", size = 2582294, upload-time = "2025-10-07T21:57:27.221Z" },
    { url = "https://files.pythonhosted.org/packages/5b/fe/7a6a6b331d9f2024ab171028ab53d5d9026959b1d713fe170be591a4d9a8/pymongo-4.15.3-cp314-cp314t-win32.whl", hash = "sha256:e7cde58ef6470c0da922b65e885fb1ffe04deef81e526bd5dea429290fa358ca", size = 1043993, upload-time = "2025-10-07T21:57:28.727Z" },
    { url = "https://files.pythonhosted.org/packages/70/c8/bc64321711e19bd48ea3371f0082f10295c433833245d73e7606d3b9afbe/pymongo-4.15.3-cp314-cp314t-win_amd64.whl", hash = "sha256:fae552767d8e5153ed498f1bca92d905d0d46311d831eefb0f06de38f7695c95", size = 1078481, upload-time = "2025-10-07T21:57:30.372Z" },
    { url = "https://files.pythonhosted.org/packages/39/31/2bb2003bb978eb25dfef7b5f98e1c2d4a86e973e63b367cc508a9308d31c/pymongo-4.15.3-cp314-cp314t-win_arm64.whl", hash = "sha256:47ffb068e16ae5e43580d5c4e3b9437f05414ea80c32a1e5cac44a835859c259", size = 1051179, upload-time = "2025-10-07T21:57:31.829Z" },
]

[[package]]
name = "python-dateutil"
version = "2.9.0.post0"
source = { registry = "https://pypi.org/simple" }
dependencies = [
    { name = "six" },
]
sdist = { url = "https://files.pythonhosted.org/packages/66/c0/0c8b6ad9f17a802ee498c46e004a0eb49bc148f2fd230864601a86dcf6db/python-dateutil-2.9.0.post0.tar.gz", hash = "sha256:37dd54208da7e1cd875388217d5e00ebd4179249f90fb72437e91a35459a0ad3", size = 342432, upload-time = "2024-03-01T18:36:20.211Z" }
wheels = [
    { url = "https://files.pythonhosted.org/packages/ec/57/56b9bcc3c9c6a792fcbaf139543cee77261f3651ca9da0c93f5c1221264b/python_dateutil-2.9.0.post0-py2.py3-none-any.whl", hash = "sha256:a8b2bc7bffae282281c8140a97d3aa9c14da0b136dfe83f850eea9a5f7470427", size = 229892, upload-time = "2024-03-01T18:36:18.57Z" },
]

[[package]]
name = "six"
version = "1.17.0"
source = { registry = "https://pypi.org/simple" }
sdist = { url = "https://files.pythonhosted.org/packages/94/e7/b2c673351809dca68a0e064b6af791aa332cf192da575fd474ed7d6f16a2/six-1.17.0.tar.gz", hash = "sha256:ff70335d468e7eb6ec65b95b99d3a2836546063f63acc5171de367e834932a81", size = 34031, upload-time = "2024-12-04T17:35:28.174Z" }
wheels = [
    { url = "https://files.pythonhosted.org/packages/b7/ce/149a00dd41f10bc29e5921b496af8b574d8413afcd5e30dfa0ed46c2cc5e/six-1.17.0-py2.py3-none-any.whl", hash = "sha256:4721f391ed90541fddacab5acf947aa0d3dc7d27b2e1e8eda2be8970586c3274", size = 11050, upload-time = "2024-12-04T17:35:26.475Z" },
]

[[package]]
name = "sniffio"
version = "1.3.1"
source = { registry = "https://pypi.org/simple" }
sdist = { url = "https://files.pythonhosted.org/packages/a2/87/a6771e1546d97e7e041b6ae58d80074f81b7d5121207425c964ddf5cfdbd/sniffio-1.3.1.tar.gz", hash = "sha256:f4324edc670a0f49750a81b895f35c3adb843cca46f0530f79fc1babb23789dc", size = 20372, upload-time = "2024-02-25T23:20:04.057Z" }
wheels = [
    { url = "https://files.pythonhosted.org/packages/e9/44/75a9c9421471a6c4805dbf2356f7c181a29c1879239abab1ea2cc8f38b40/sniffio-1.3.1-py3-none-any.whl", hash = "sha256:2f6da418d1f1e0fddd844478f41680e794e6051915791a034ff65e5f100525a2", size = 10235, upload-time = "2024-02-25T23:20:01.196Z" },
]

[[package]]
name = "starlette"
version = "0.37.2"
source = { registry = "https://pypi.org/simple" }
dependencies = [
    { name = "anyio" },
]
sdist = { url = "https://files.pythonhosted.org/packages/61/b5/6bceb93ff20bd7ca36e6f7c540581abb18f53130fabb30ba526e26fd819b/starlette-0.37.2.tar.gz", hash = "sha256:9af890290133b79fc3db55474ade20f6220a364a0402e0b556e7cd5e1e093823", size = 2843736, upload-time = "2024-03-05T16:16:54.267Z" }
wheels = [
    { url = "https://files.pythonhosted.org/packages/fd/18/31fa32ed6c68ba66220204ef0be798c349d0a20c1901f9d4a794e08c76d8/starlette-0.37.2-py3-none-any.whl", hash = "sha256:6fe59f29268538e5d0d182f2791a479a0c64638e6935d1c6989e63fb2699c6ee", size = 71908, upload-time = "2024-03-05T16:16:50.957Z" },
]

[[package]]
name = "typing-extensions"
version = "4.15.0"
source = { registry = "https://pypi.org/simple" }
sdist = { url = "https://files.pythonhosted.org/packages/72/94/1a15dd82efb362ac84269196e94cf00f187f7ed21c242792a923cdb1c61f/typing_extensions-4.15.0.tar.gz", hash = "sha256:0cea48d173cc12fa28ecabc3b837ea3cf6f38c6d1136f85cbaaf598984861466", size = 109391, upload-time = "2025-08-25T13:49:26.313Z" }
wheels = [
    { url = "https://files.pythonhosted.org/packages/18/67/36e9267722cc04a6b9f15c7f3441c2363321a3ea07da7ae0c0707beb2a9c/typing_extensions-4.15.0-py3-none-any.whl", hash = "sha256:f0fa19c6845758ab08074a0cfa8b7aecb71c999ca73d62883bc25cc018c4e548", size = 44614, upload-time = "2025-08-25T13:49:24.86Z" },
]

[[package]]
name = "uvicorn"
version = "0.38.0"
source = { registry = "https://pypi.org/simple" }
dependencies = [
    { name = "click" },
    { name = "h11" },
]
sdist = { url = "https://files.pythonhosted.org/packages/cb/ce/f06b84e2697fef4688ca63bdb2fdf113ca0a3be33f94488f2cadb690b0cf/uvicorn-0.38.0.tar.gz", hash = "sha256:fd97093bdd120a2609fc0d3afe931d4d4ad688b6e75f0f929fde1bc36fe0e91d", size = 80605, upload-time = "2025-10-18T13:46:44.63Z" }
wheels = [
    { url = "https://files.pythonhosted.org/packages/ee/d9/d88e73ca598f4f6ff671fb5fde8a32925c2e08a637303a1d12883c7305fa/uvicorn-0.38.0-py3-none-any.whl", hash = "sha256:48c0afd214ceb59340075b4a052ea1ee91c16fbc2a9b1469cca0e54566977b02", size = 68109, upload-time = "2025-10-18T13:46:42.958Z" },
]
